
Microsoft Visual Studio Solution File, Format Version 12.00
# Visual Studio Version 16
VisualStudioVersion = 16.0.29905.134
MinimumVisualStudioVersion = 10.0.40219.1
Project("{9A19103F-16F7-4668-BE54-9A1E7A4F7556}") = "DMS.Kernel", "DMS.Kernel\DMS.Kernel.csproj", "{A2E94661-0F7E-4446-8EBD-8862B94DDEEC}"
EndProject
Project("{9A19103F-16F7-4668-BE54-9A1E7A4F7556}") = "DMS.Kernel.Test", "DMS.Kernel.Test\DMS.Kernel.Test.csproj", "{324B5E43-47C0-46E9-9E14-5A5A80F48BD5}"
EndProject
Project("{9A19103F-16F7-4668-BE54-9A1E7A4F7556}") = "DMS.Grpc", "DMS.Grpc\DMS.Grpc.csproj", "{C334EC0F-D384-4863-BFB8-42BDF17A137F}"
EndProject
Project("{9A19103F-16F7-4668-BE54-9A1E7A4F7556}") = "DMS.Service", "DMS.Service\DMS.Service.csproj", "{0BCD9498-FEF8-4A0E-817B-0FFB2DF9D654}"
EndProject
Project("{FAE04EC0-301F-11D3-BF4B-00C04F79EFBC}") = "DMS.Test", "DMS.Test\DMS.Test.csproj", "{20913C09-6E30-4557-A971-D9C0CEB59A3A}"
EndProject
Global
	GlobalSection(SolutionConfigurationPlatforms) = preSolution
		Debug|Any CPU = Debug|Any CPU
		Release|Any CPU = Release|Any CPU
	EndGlobalSection
	GlobalSection(ProjectConfigurationPlatforms) = postSolution
		{A2E94661-0F7E-4446-8EBD-8862B94DDEEC}.Debug|Any CPU.ActiveCfg = Debug|Any CPU
		{A2E94661-0F7E-4446-8EBD-8862B94DDEEC}.Debug|Any CPU.Build.0 = Debug|Any CPU
		{A2E94661-0F7E-4446-8EBD-8862B94DDEEC}.Release|Any CPU.ActiveCfg = Release|Any CPU
		{A2E94661-0F7E-4446-8EBD-8862B94DDEEC}.Release|Any CPU.Build.0 = Release|Any CPU
		{324B5E43-47C0-46E9-9E14-5A5A80F48BD5}.Debug|Any CPU.ActiveCfg = Debug|Any CPU
		{324B5E43-47C0-46E9-9E14-5A5A80F48BD5}.Debug|Any CPU.Build.0 = Debug|Any CPU
		{324B5E43-47C0-46E9-9E14-5A5A80F48BD5}.Release|Any CPU.ActiveCfg = Release|Any CPU
		{324B5E43-47C0-46E9-9E14-5A5A80F48BD5}.Release|Any CPU.Build.0 = Release|Any CPU
		{C334EC0F-D384-4863-BFB8-42BDF17A137F}.Debug|Any CPU.ActiveCfg = Debug|Any CPU
		{C334EC0F-D384-4863-BFB8-42BDF17A137F}.Debug|Any CPU.Build.0 = Debug|Any CPU
		{C334EC0F-D384-4863-BFB8-42BDF17A137F}.Release|Any CPU.ActiveCfg = Release|Any CPU
		{C334EC0F-D384-4863-BFB8-42BDF17A137F}.Release|Any CPU.Build.0 = Release|Any CPU
		{0BCD9498-FEF8-4A0E-817B-0FFB2DF9D654}.Debug|Any CPU.ActiveCfg = Debug|Any CPU
		{0BCD9498-FEF8-4A0E-817B-0FFB2DF9D654}.Debug|Any CPU.Build.0 = Debug|Any CPU
		{0BCD9498-FEF8-4A0E-817B-0FFB2DF9D654}.Release|Any CPU.ActiveCfg = Release|Any CPU
		{0BCD9498-FEF8-4A0E-817B-0FFB2DF9D654}.Release|Any CPU.Build.0 = Release|Any CPU
		{20913C09-6E30-4557-A971-D9C0CEB59A3A}.Debug|Any CPU.ActiveCfg = Debug|Any CPU
		{20913C09-6E30-4557-A971-D9C0CEB59A3A}.Debug|Any CPU.Build.0 = Debug|Any CPU
		{20913C09-6E30-4557-A971-D9C0CEB59A3A}.Release|Any CPU.ActiveCfg = Release|Any CPU
		{20913C09-6E30-4557-A971-D9C0CEB59A3A}.Release|Any CPU.Build.0 = Release|Any CPU
	EndGlobalSection
	GlobalSection(SolutionProperties) = preSolution
		HideSolutionNode = FALSE
	EndGlobalSection
	GlobalSection(ExtensibilityGlobals) = postSolution
		SolutionGuid = {EA4C80B9-8053-4295-88A3-B5D70F4B27A8}
	EndGlobalSection
EndGlobal
